
Microsoft Visual Studio Solution File, Format Version 12.00
# Visual Studio Version 17
VisualStudioVersion = 17.4.33205.214
MinimumVisualStudioVersion = 10.0.40219.1
Project("{8BC9CEB8-8B4A-11D0-8D11-00A0C91BC942}") = "Day1.5", "Day1.5\Day1.5.vcxproj", "{48B5D203-16A6-429F-AD12-4C7F58CB1D3B}"
EndProject
Global
	GlobalSection(SolutionConfigurationPlatforms) = preSolution
		Debug|x64 = Debug|x64
		Debug|x86 = Debug|x86
		Release|x64 = Release|x64
		Release|x86 = Release|x86
	EndGlobalSection
	GlobalSection(ProjectConfigurationPlatforms) = postSolution
		{48B5D203-16A6-429F-AD12-4C7F58CB1D3B}.Debug|x64.ActiveCfg = Debug|x64
		{48B5D203-16A6-429F-AD12-4C7F58CB1D3B}.Debug|x64.Build.0 = Debug|x64
		{48B5D203-16A6-429F-AD12-4C7F58CB1D3B}.Debug|x86.ActiveCfg = Debug|Win32
		{48B5D203-16A6-429F-AD12-4C7F58CB1D3B}.Debug|x86.Build.0 = Debug|Win32
		{48B5D203-16A6-429F-AD12-4C7F58CB1D3B}.Release|x64.ActiveCfg = Release|x64
		{48B5D203-16A6-429F-AD12-4C7F58CB1D3B}.Release|x64.Build.0 = Release|x64
		{48B5D203-16A6-429F-AD12-4C7F58CB1D3B}.Release|x86.ActiveCfg = Release|Win32
		{48B5D203-16A6-429F-AD12-4C7F58CB1D3B}.Release|x86.Build.0 = Release|Win32
	EndGlobalSection
	GlobalSection(SolutionProperties) = preSolution
		HideSolutionNode = FALSE
	EndGlobalSection
	GlobalSection(ExtensibilityGlobals) = postSolution
		SolutionGuid = {0A46C9CE-803C-4813-BC76-7F2DD1768E79}
	EndGlobalSection
EndGlobal
